
Microsoft Visual Studio Solution File, Format Version 12.00
# Visual Studio 14
VisualStudioVersion = 14.0.23107.0
MinimumVisualStudioVersion = 10.0.40219.1
Project("{2150E333-8FDC-42A3-9474-1A3956D46DE8}") = "0 Common", "0 Common", "{E19D6B8E-CB0B-4F41-9529-2A42F78A55BD}"
EndProject
Project("{2150E333-8FDC-42A3-9474-1A3956D46DE8}") = "2 Service", "2 Service", "{FEEE388C-7377-416B-9CA7-5D3ECD899B6D}"
EndProject
Project("{2150E333-8FDC-42A3-9474-1A3956D46DE8}") = "1 Presentation", "1 Presentation", "{E4FD3543-51FC-4080-8943-E06185D5B1CD}"
EndProject
Project("{FAE04EC0-301F-11D3-BF4B-00C04F79EFBC}") = "OpenQbit.Insurance.Common.Models", "OpenQbit.Insurance.Common.Models\OpenQbit.Insurance.Common.Models.csproj", "{DC9F0658-9119-4914-B244-0F4128ACE8EE}"
EndProject
Project("{2150E333-8FDC-42A3-9474-1A3956D46DE8}") = "3 BLL", "3 BLL", "{573A1D25-DA26-43FD-ABF2-7CB3E6E7EA23}"
EndProject
Project("{2150E333-8FDC-42A3-9474-1A3956D46DE8}") = "4 DataAccess", "4 DataAccess", "{C335055B-B610-4FAE-BFE9-24A35330D5C5}"
EndProject
Project("{FAE04EC0-301F-11D3-BF4B-00C04F79EFBC}") = "OpenQbit.Insurance.Service.WebApi", "OpenQbit.Insurance.Service.WebApi\OpenQbit.Insurance.Service.WebApi.csproj", "{C2E652DB-DFE9-4A1F-ACC3-19029EF4C765}"
EndProject
Project("{FAE04EC0-301F-11D3-BF4B-00C04F79EFBC}") = "OpenQbit.Insurance.DataAccess.DAL", "OpenQbit.Insurance.DataAccess.DAL\OpenQbit.Insurance.DataAccess.DAL.csproj", "{623CED5B-6B56-4236-BA44-B7E05EEA0029}"
EndProject
Project("{FAE04EC0-301F-11D3-BF4B-00C04F79EFBC}") = "OpenQbit.Insurance.DataAccess.DAL.Contracts", "OpenQbit.Insurance.DataAccess.DAL.Contracts\OpenQbit.Insurance.DataAccess.DAL.Contracts.csproj", "{D569862A-2236-464D-8516-E772D339D52D}"
EndProject
Project("{2150E333-8FDC-42A3-9474-1A3956D46DE8}") = "5 Test", "5 Test", "{7649DF4B-642F-4F76-993E-F25286DEB00D}"
EndProject
Project("{FAE04EC0-301F-11D3-BF4B-00C04F79EFBC}") = "OpenQbit.Insurance.Test2", "OpenQbit.Insurance.Test2\OpenQbit.Insurance.Test2.csproj", "{00D9895E-23EF-48AF-A49B-0FE6F5776E5D}"
EndProject
Global
	GlobalSection(SolutionConfigurationPlatforms) = preSolution
		Debug|Any CPU = Debug|Any CPU
		Release|Any CPU = Release|Any CPU
	EndGlobalSection
	GlobalSection(ProjectConfigurationPlatforms) = postSolution
		{DC9F0658-9119-4914-B244-0F4128ACE8EE}.Debug|Any CPU.ActiveCfg = Debug|Any CPU
		{DC9F0658-9119-4914-B244-0F4128ACE8EE}.Debug|Any CPU.Build.0 = Debug|Any CPU
		{DC9F0658-9119-4914-B244-0F4128ACE8EE}.Release|Any CPU.ActiveCfg = Release|Any CPU
		{DC9F0658-9119-4914-B244-0F4128ACE8EE}.Release|Any CPU.Build.0 = Release|Any CPU
		{C2E652DB-DFE9-4A1F-ACC3-19029EF4C765}.Debug|Any CPU.ActiveCfg = Debug|Any CPU
		{C2E652DB-DFE9-4A1F-ACC3-19029EF4C765}.Debug|Any CPU.Build.0 = Debug|Any CPU
		{C2E652DB-DFE9-4A1F-ACC3-19029EF4C765}.Release|Any CPU.ActiveCfg = Release|Any CPU
		{C2E652DB-DFE9-4A1F-ACC3-19029EF4C765}.Release|Any CPU.Build.0 = Release|Any CPU
		{623CED5B-6B56-4236-BA44-B7E05EEA0029}.Debug|Any CPU.ActiveCfg = Debug|Any CPU
		{623CED5B-6B56-4236-BA44-B7E05EEA0029}.Debug|Any CPU.Build.0 = Debug|Any CPU
		{623CED5B-6B56-4236-BA44-B7E05EEA0029}.Release|Any CPU.ActiveCfg = Release|Any CPU
		{623CED5B-6B56-4236-BA44-B7E05EEA0029}.Release|Any CPU.Build.0 = Release|Any CPU
		{D569862A-2236-464D-8516-E772D339D52D}.Debug|Any CPU.ActiveCfg = Debug|Any CPU
		{D569862A-2236-464D-8516-E772D339D52D}.Debug|Any CPU.Build.0 = Debug|Any CPU
		{D569862A-2236-464D-8516-E772D339D52D}.Release|Any CPU.ActiveCfg = Release|Any CPU
		{D569862A-2236-464D-8516-E772D339D52D}.Release|Any CPU.Build.0 = Release|Any CPU
		{00D9895E-23EF-48AF-A49B-0FE6F5776E5D}.Debug|Any CPU.ActiveCfg = Debug|Any CPU
		{00D9895E-23EF-48AF-A49B-0FE6F5776E5D}.Debug|Any CPU.Build.0 = Debug|Any CPU
		{00D9895E-23EF-48AF-A49B-0FE6F5776E5D}.Release|Any CPU.ActiveCfg = Release|Any CPU
		{00D9895E-23EF-48AF-A49B-0FE6F5776E5D}.Release|Any CPU.Build.0 = Release|Any CPU
	EndGlobalSection
	GlobalSection(SolutionProperties) = preSolution
		HideSolutionNode = FALSE
	EndGlobalSection
	GlobalSection(NestedProjects) = preSolution
		{DC9F0658-9119-4914-B244-0F4128ACE8EE} = {E19D6B8E-CB0B-4F41-9529-2A42F78A55BD}
		{C2E652DB-DFE9-4A1F-ACC3-19029EF4C765} = {FEEE388C-7377-416B-9CA7-5D3ECD899B6D}
		{623CED5B-6B56-4236-BA44-B7E05EEA0029} = {C335055B-B610-4FAE-BFE9-24A35330D5C5}
		{D569862A-2236-464D-8516-E772D339D52D} = {C335055B-B610-4FAE-BFE9-24A35330D5C5}
		{00D9895E-23EF-48AF-A49B-0FE6F5776E5D} = {7649DF4B-642F-4F76-993E-F25286DEB00D}
	EndGlobalSection
EndGlobal
